
Microsoft Visual Studio Solution File, Format Version 12.00
# Visual Studio 15
VisualStudioVersion = 15.0.27703.2042
MinimumVisualStudioVersion = 10.0.40219.1
Project("{159641D6-6404-4A2A-AE62-294DE0FE8301}") = "Integration Services Project6", "Integration Services Project6\Integration Services Project6.dtproj", "{EC04FA8C-BA79-49DF-A742-31247930B2D5}"
EndProject
Global
	GlobalSection(SolutionConfigurationPlatforms) = preSolution
		Development|Default = Development|Default
	EndGlobalSection
	GlobalSection(ProjectConfigurationPlatforms) = postSolution
		{EC04FA8C-BA79-49DF-A742-31247930B2D5}.Development|Default.ActiveCfg = Development
		{EC04FA8C-BA79-49DF-A742-31247930B2D5}.Development|Default.Build.0 = Development
	EndGlobalSection
	GlobalSection(SolutionProperties) = preSolution
		HideSolutionNode = FALSE
	EndGlobalSection
	GlobalSection(ExtensibilityGlobals) = postSolution
		SolutionGuid = {9B08FF7F-EC47-4DAC-BF02-8E7E3EA3A984}
	EndGlobalSection
EndGlobal
